// !$*UTF8*$!
{
	archiveVersion = 1;
	classes = {
	};
	objectVersion = 50;
	objects = {

/* Begin PBXBuildFile section */
		A224E9622680A64400CB898A /* PlayerPlane.swift in Sources */ = {isa = PBXBuildFile; fileRef = A224E9612680A64400CB898A /* PlayerPlane.swift */; };
		A224E9642680A7BB00CB898A /* PlayerPlane.atlas in Resources */ = {isa = PBXBuildFile; fileRef = A224E9632680A7BA00CB898A /* PlayerPlane.atlas */; };
		A224E9662680E19300CB898A /* protocol GameBackgroundSpriteable + Extensions.swift in Sources */ = {isa = PBXBuildFile; fileRef = A224E9652680E19300CB898A /* protocol GameBackgroundSpriteable + Extensions.swift */; };
		A262D84226873DFC005F44F9 /* Enemy.swift in Sources */ = {isa = PBXBuildFile; fileRef = A262D84126873DFC005F44F9 /* Enemy.swift */; };
		A262D84426873EE7005F44F9 /* Enemy_1.atlas in Resources */ = {isa = PBXBuildFile; fileRef = A262D84326873EE7005F44F9 /* Enemy_1.atlas */; };
		A262D84826876F9D005F44F9 /* Enemy_2.atlas in Resources */ = {isa = PBXBuildFile; fileRef = A262D84726876F9D005F44F9 /* Enemy_2.atlas */; };
		A2746619267A721A00613B6C /* AppDelegate.swift in Sources */ = {isa = PBXBuildFile; fileRef = A2746618267A721A00613B6C /* AppDelegate.swift */; };
		A274661F267A721A00613B6C /* GameScene.swift in Sources */ = {isa = PBXBuildFile; fileRef = A274661E267A721A00613B6C /* GameScene.swift */; };
		A2746621267A721A00613B6C /* GameViewController.swift in Sources */ = {isa = PBXBuildFile; fileRef = A2746620267A721A00613B6C /* GameViewController.swift */; };
		A2746624267A721A00613B6C /* Main.storyboard in Resources */ = {isa = PBXBuildFile; fileRef = A2746622267A721A00613B6C /* Main.storyboard */; };
		A2746626267A721C00613B6C /* Assets.xcassets in Resources */ = {isa = PBXBuildFile; fileRef = A2746625267A721C00613B6C /* Assets.xcassets */; };
		A274D4B8268251C400731046 /* GreenPowerUp.atlas in Resources */ = {isa = PBXBuildFile; fileRef = A274D4B7268251C400731046 /* GreenPowerUp.atlas */; };
		A2B00D66267B3DFE00E3C657 /* Background.swift in Sources */ = {isa = PBXBuildFile; fileRef = A2B00D65267B3DFE00E3C657 /* Background.swift */; };
		A2D52E3026823BD40007AF00 /* PowerUp.swift in Sources */ = {isa = PBXBuildFile; fileRef = A2D52E2F26823BD40007AF00 /* PowerUp.swift */; };
		A2D86EB22688825F00E1F7CE /* YellowAmmo.atlas in Resources */ = {isa = PBXBuildFile; fileRef = A2D86EB12688825F00E1F7CE /* YellowAmmo.atlas */; };
		A2D86EB5268882E700E1F7CE /* Shot.swift in Sources */ = {isa = PBXBuildFile; fileRef = A2D86EB4268882E700E1F7CE /* Shot.swift */; };
		A2D86EB72688886400E1F7CE /* YellowShot.swift in Sources */ = {isa = PBXBuildFile; fileRef = A2D86EB62688886400E1F7CE /* YellowShot.swift */; };
		A2D86EB926888B2700E1F7CE /* SmallSprite.swift in Sources */ = {isa = PBXBuildFile; fileRef = A2D86EB826888B2700E1F7CE /* SmallSprite.swift */; };
		A2F702B5267B6AA50015170A /* Island.swift in Sources */ = {isa = PBXBuildFile; fileRef = A2F702B4267B6AA50015170A /* Island.swift */; };
		A2F702B7267BAD000015170A /* Cloud.swift in Sources */ = {isa = PBXBuildFile; fileRef = A2F702B6267BAD000015170A /* Cloud.swift */; };
		A2F96FA82687A3A400236236 /* BluePowerUp.atlas in Resources */ = {isa = PBXBuildFile; fileRef = A2F96FA72687A3A400236236 /* BluePowerUp.atlas */; };
		A2F96FAA2687A8A300236236 /* BluePowerUp.swift in Sources */ = {isa = PBXBuildFile; fileRef = A2F96FA92687A8A300236236 /* BluePowerUp.swift */; };
		A2F96FAC2687A8AC00236236 /* GreenPowerUp.swift in Sources */ = {isa = PBXBuildFile; fileRef = A2F96FAB2687A8AC00236236 /* GreenPowerUp.swift */; };
/* End PBXBuildFile section */

/* Begin PBXFileReference section */
		A224E9612680A64400CB898A /* PlayerPlane.swift */ = {isa = PBXFileReference; lastKnownFileType = sourcecode.swift; path = PlayerPlane.swift; sourceTree = "<group>"; };
		A224E9632680A7BA00CB898A /* PlayerPlane.atlas */ = {isa = PBXFileReference; lastKnownFileType = folder.skatlas; path = PlayerPlane.atlas; sourceTree = "<group>"; };
		A224E9652680E19300CB898A /* protocol GameBackgroundSpriteable + Extensions.swift */ = {isa = PBXFileReference; lastKnownFileType = sourcecode.swift; path = "protocol GameBackgroundSpriteable + Extensions.swift"; sourceTree = "<group>"; };
		A262D84126873DFC005F44F9 /* Enemy.swift */ = {isa = PBXFileReference; lastKnownFileType = sourcecode.swift; path = Enemy.swift; sourceTree = "<group>"; };
		A262D84326873EE7005F44F9 /* Enemy_1.atlas */ = {isa = PBXFileReference; lastKnownFileType = folder.skatlas; path = Enemy_1.atlas; sourceTree = "<group>"; };
		A262D84726876F9D005F44F9 /* Enemy_2.atlas */ = {isa = PBXFileReference; lastKnownFileType = folder.skatlas; path = Enemy_2.atlas; sourceTree = "<group>"; };
		A2746615267A721A00613B6C /* WarFlyGame.app */ = {isa = PBXFileReference; explicitFileType = wrapper.application; includeInIndex = 0; path = WarFlyGame.app; sourceTree = BUILT_PRODUCTS_DIR; };
		A2746618267A721A00613B6C /* AppDelegate.swift */ = {isa = PBXFileReference; lastKnownFileType = sourcecode.swift; path = AppDelegate.swift; sourceTree = "<group>"; };
		A274661E267A721A00613B6C /* GameScene.swift */ = {isa = PBXFileReference; lastKnownFileType = sourcecode.swift; path = GameScene.swift; sourceTree = "<group>"; };
		A2746620267A721A00613B6C /* GameViewController.swift */ = {isa = PBXFileReference; lastKnownFileType = sourcecode.swift; path = GameViewController.swift; sourceTree = "<group>"; };
		A2746623267A721A00613B6C /* Base */ = {isa = PBXFileReference; lastKnownFileType = file.storyboard; name = Base; path = Base.lproj/Main.storyboard; sourceTree = "<group>"; };
		A2746625267A721C00613B6C /* Assets.xcassets */ = {isa = PBXFileReference; lastKnownFileType = folder.assetcatalog; path = Assets.xcassets; sourceTree = "<group>"; };
		A2746627267A721C00613B6C /* Info.plist */ = {isa = PBXFileReference; lastKnownFileType = text.plist.xml; path = Info.plist; sourceTree = "<group>"; };
		A274D4B7268251C400731046 /* GreenPowerUp.atlas */ = {isa = PBXFileReference; lastKnownFileType = folder.skatlas; path = GreenPowerUp.atlas; sourceTree = "<group>"; };
		A2B00D65267B3DFE00E3C657 /* Background.swift */ = {isa = PBXFileReference; lastKnownFileType = sourcecode.swift; path = Background.swift; sourceTree = "<group>"; };
		A2D52E2F26823BD40007AF00 /* PowerUp.swift */ = {isa = PBXFileReference; lastKnownFileType = sourcecode.swift; path = PowerUp.swift; sourceTree = "<group>"; };
		A2D86EB12688825F00E1F7CE /* YellowAmmo.atlas */ = {isa = PBXFileReference; lastKnownFileType = folder.skatlas; path = YellowAmmo.atlas; sourceTree = "<group>"; };
		A2D86EB4268882E700E1F7CE /* Shot.swift */ = {isa = PBXFileReference; lastKnownFileType = sourcecode.swift; path = Shot.swift; sourceTree = "<group>"; };
		A2D86EB62688886400E1F7CE /* YellowShot.swift */ = {isa = PBXFileReference; lastKnownFileType = sourcecode.swift; path = YellowShot.swift; sourceTree = "<group>"; };
		A2D86EB826888B2700E1F7CE /* SmallSprite.swift */ = {isa = PBXFileReference; lastKnownFileType = sourcecode.swift; path = SmallSprite.swift; sourceTree = "<group>"; };
		A2F702B4267B6AA50015170A /* Island.swift */ = {isa = PBXFileReference; lastKnownFileType = sourcecode.swift; path = Island.swift; sourceTree = "<group>"; };
		A2F702B6267BAD000015170A /* Cloud.swift */ = {isa = PBXFileReference; lastKnownFileType = sourcecode.swift; path = Cloud.swift; sourceTree = "<group>"; };
		A2F96FA72687A3A400236236 /* BluePowerUp.atlas */ = {isa = PBXFileReference; lastKnownFileType = folder.skatlas; path = BluePowerUp.atlas; sourceTree = "<group>"; };
		A2F96FA92687A8A300236236 /* BluePowerUp.swift */ = {isa = PBXFileReference; lastKnownFileType = sourcecode.swift; path = BluePowerUp.swift; sourceTree = "<group>"; };
		A2F96FAB2687A8AC00236236 /* GreenPowerUp.swift */ = {isa = PBXFileReference; lastKnownFileType = sourcecode.swift; path = GreenPowerUp.swift; sourceTree = "<group>"; };
/* End PBXFileReference section */

/* Begin PBXFrameworksBuildPhase section */
		A2746612267A721A00613B6C /* Frameworks */ = {
			isa = PBXFrameworksBuildPhase;
			buildActionMask = 2147483647;
			files = (
			);
			runOnlyForDeploymentPostprocessing = 0;
		};
/* End PBXFrameworksBuildPhase section */

/* Begin PBXGroup section */
		A274660C267A721A00613B6C = {
			isa = PBXGroup;
			children = (
				A2746617267A721A00613B6C /* WarFlyGame */,
				A2746616267A721A00613B6C /* Products */,
			);
			sourceTree = "<group>";
		};
		A2746616267A721A00613B6C /* Products */ = {
			isa = PBXGroup;
			children = (
				A2746615267A721A00613B6C /* WarFlyGame.app */,
			);
			name = Products;
			sourceTree = "<group>";
		};
		A2746617267A721A00613B6C /* WarFlyGame */ = {
			isa = PBXGroup;
			children = (
				A2746618267A721A00613B6C /* AppDelegate.swift */,
				A274661E267A721A00613B6C /* GameScene.swift */,
				A2D86EBD2688A4C900E1F7CE /* Sprites */,
				A224E9652680E19300CB898A /* protocol GameBackgroundSpriteable + Extensions.swift */,
				A2B00D65267B3DFE00E3C657 /* Background.swift */,
				A2746620267A721A00613B6C /* GameViewController.swift */,
				A2746622267A721A00613B6C /* Main.storyboard */,
				A2746625267A721C00613B6C /* Assets.xcassets */,
				A2746627267A721C00613B6C /* Info.plist */,
				A2D86EB3268882B000E1F7CE /* Atlases */,
			);
			path = WarFlyGame;
			sourceTree = "<group>";
		};
		A2D86EB3268882B000E1F7CE /* Atlases */ = {
			isa = PBXGroup;
			children = (
				A2D86EB12688825F00E1F7CE /* YellowAmmo.atlas */,
				A262D84326873EE7005F44F9 /* Enemy_1.atlas */,
				A262D84726876F9D005F44F9 /* Enemy_2.atlas */,
				A2F96FA72687A3A400236236 /* BluePowerUp.atlas */,
				A274D4B7268251C400731046 /* GreenPowerUp.atlas */,
				A224E9632680A7BA00CB898A /* PlayerPlane.atlas */,
			);
			path = Atlases;
			sourceTree = "<group>";
		};
		A2D86EBA2688A37F00E1F7CE /* PowerUps */ = {
			isa = PBXGroup;
			children = (
				A2F96FA92687A8A300236236 /* BluePowerUp.swift */,
				A2F96FAB2687A8AC00236236 /* GreenPowerUp.swift */,
			);
			path = PowerUps;
			sourceTree = "<group>";
		};
		A2D86EBB2688A38B00E1F7CE /* Shots */ = {
			isa = PBXGroup;
			children = (
				A2D86EB62688886400E1F7CE /* YellowShot.swift */,
			);
			path = Shots;
			sourceTree = "<group>";
		};
		A2D86EBC2688A39E00E1F7CE /* SmallSpites */ = {
			isa = PBXGroup;
			children = (
				A2D86EB4268882E700E1F7CE /* Shot.swift */,
				A2D52E2F26823BD40007AF00 /* PowerUp.swift */,
				A2D86EBB2688A38B00E1F7CE /* Shots */,
				A2D86EBA2688A37F00E1F7CE /* PowerUps */,
			);
			path = SmallSpites;
			sourceTree = "<group>";
		};
		A2D86EBD2688A4C900E1F7CE /* Sprites */ = {
			isa = PBXGroup;
			children = (
				A2F702B4267B6AA50015170A /* Island.swift */,
				A2F702B6267BAD000015170A /* Cloud.swift */,
				A224E9612680A64400CB898A /* PlayerPlane.swift */,
				A262D84126873DFC005F44F9 /* Enemy.swift */,
				A2D86EB826888B2700E1F7CE /* SmallSprite.swift */,
				A2D86EBC2688A39E00E1F7CE /* SmallSpites */,
			);
			path = Sprites;
			sourceTree = "<group>";
		};
/* End PBXGroup section */

/* Begin PBXNativeTarget section */
		A2746614267A721A00613B6C /* WarFlyGame */ = {
			isa = PBXNativeTarget;
			buildConfigurationList = A274662A267A721C00613B6C /* Build configuration list for PBXNativeTarget "WarFlyGame" */;
			buildPhases = (
				A2746611267A721A00613B6C /* Sources */,
				A2746612267A721A00613B6C /* Frameworks */,
				A2746613267A721A00613B6C /* Resources */,
			);
			buildRules = (
			);
			dependencies = (
			);
			name = WarFlyGame;
			productName = WarFlyGame;
			productReference = A2746615267A721A00613B6C /* WarFlyGame.app */;
			productType = "com.apple.product-type.application";
		};
/* End PBXNativeTarget section */

/* Begin PBXProject section */
		A274660D267A721A00613B6C /* Project object */ = {
			isa = PBXProject;
			attributes = {
				LastSwiftUpdateCheck = 1250;
				LastUpgradeCheck = 1250;
				TargetAttributes = {
					A2746614267A721A00613B6C = {
						CreatedOnToolsVersion = 12.5;
					};
				};
			};
			buildConfigurationList = A2746610267A721A00613B6C /* Build configuration list for PBXProject "WarFlyGame" */;
			compatibilityVersion = "Xcode 9.3";
			developmentRegion = en;
			hasScannedForEncodings = 0;
			knownRegions = (
				en,
				Base,
			);
			mainGroup = A274660C267A721A00613B6C;
			productRefGroup = A2746616267A721A00613B6C /* Products */;
			projectDirPath = "";
			projectRoot = "";
			targets = (
				A2746614267A721A00613B6C /* WarFlyGame */,
			);
		};
/* End PBXProject section */

/* Begin PBXResourcesBuildPhase section */
		A2746613267A721A00613B6C /* Resources */ = {
			isa = PBXResourcesBuildPhase;
			buildActionMask = 2147483647;
			files = (
				A274D4B8268251C400731046 /* GreenPowerUp.atlas in Resources */,
				A2D86EB22688825F00E1F7CE /* YellowAmmo.atlas in Resources */,
				A2F96FA82687A3A400236236 /* BluePowerUp.atlas in Resources */,
				A224E9642680A7BB00CB898A /* PlayerPlane.atlas in Resources */,
				A2746624267A721A00613B6C /* Main.storyboard in Resources */,
				A262D84826876F9D005F44F9 /* Enemy_2.atlas in Resources */,
				A2746626267A721C00613B6C /* Assets.xcassets in Resources */,
				A262D84426873EE7005F44F9 /* Enemy_1.atlas in Resources */,
			);
			runOnlyForDeploymentPostprocessing = 0;
		};
/* End PBXResourcesBuildPhase section */

/* Begin PBXSourcesBuildPhase section */
		A2746611267A721A00613B6C /* Sources */ = {
			isa = PBXSourcesBuildPhase;
			buildActionMask = 2147483647;
			files = (
				A274661F267A721A00613B6C /* GameScene.swift in Sources */,
				A2D86EB72688886400E1F7CE /* YellowShot.swift in Sources */,
				A224E9662680E19300CB898A /* protocol GameBackgroundSpriteable + Extensions.swift in Sources */,
				A224E9622680A64400CB898A /* PlayerPlane.swift in Sources */,
				A2F702B7267BAD000015170A /* Cloud.swift in Sources */,
				A2F96FAA2687A8A300236236 /* BluePowerUp.swift in Sources */,
				A2746621267A721A00613B6C /* GameViewController.swift in Sources */,
				A2D86EB926888B2700E1F7CE /* SmallSprite.swift in Sources */,
				A2746619267A721A00613B6C /* AppDelegate.swift in Sources */,
				A262D84226873DFC005F44F9 /* Enemy.swift in Sources */,
				A2F96FAC2687A8AC00236236 /* GreenPowerUp.swift in Sources */,
				A2F702B5267B6AA50015170A /* Island.swift in Sources */,
				A2D52E3026823BD40007AF00 /* PowerUp.swift in Sources */,
				A2D86EB5268882E700E1F7CE /* Shot.swift in Sources */,
				A2B00D66267B3DFE00E3C657 /* Background.swift in Sources */,
			);
			runOnlyForDeploymentPostprocessing = 0;
		};
/* End PBXSourcesBuildPhase section */

/* Begin PBXVariantGroup section */
		A2746622267A721A00613B6C /* Main.storyboard */ = {
			isa = PBXVariantGroup;
			children = (
				A2746623267A721A00613B6C /* Base */,
			);
			name = Main.storyboard;
			sourceTree = "<group>";
		};
/* End PBXVariantGroup section */

/* Begin XCBuildConfiguration section */
		A2746628267A721C00613B6C /* Debug */ = {
			isa = XCBuildConfiguration;
			buildSettings = {
				ALWAYS_SEARCH_USER_PATHS = NO;
				CLANG_ANALYZER_NONNULL = YES;
				CLANG_ANALYZER_NUMBER_OBJECT_CONVERSION = YES_AGGRESSIVE;
				CLANG_CXX_LANGUAGE_STANDARD = "gnu++14";
				CLANG_CXX_LIBRARY = "libc++";
				CLANG_ENABLE_MODULES = YES;
				CLANG_ENABLE_OBJC_ARC = YES;
				CLANG_ENABLE_OBJC_WEAK = YES;
				CLANG_WARN_BLOCK_CAPTURE_AUTORELEASING = YES;
				CLANG_WARN_BOOL_CONVERSION = YES;
				CLANG_WARN_COMMA = YES;
				CLANG_WARN_CONSTANT_CONVERSION = YES;
				CLANG_WARN_DEPRECATED_OBJC_IMPLEMENTATIONS = YES;
				CLANG_WARN_DIRECT_OBJC_ISA_USAGE = YES_ERROR;
				CLANG_WARN_DOCUMENTATION_COMMENTS = YES;
				CLANG_WARN_EMPTY_BODY = YES;
				CLANG_WARN_ENUM_CONVERSION = YES;
				CLANG_WARN_INFINITE_RECURSION = YES;
				CLANG_WARN_INT_CONVERSION = YES;
				CLANG_WARN_NON_LITERAL_NULL_CONVERSION = YES;
				CLANG_WARN_OBJC_IMPLICIT_RETAIN_SELF = YES;
				CLANG_WARN_OBJC_LITERAL_CONVERSION = YES;
				CLANG_WARN_OBJC_ROOT_CLASS = YES_ERROR;
				CLANG_WARN_QUOTED_INCLUDE_IN_FRAMEWORK_HEADER = YES;
				CLANG_WARN_RANGE_LOOP_ANALYSIS = YES;
				CLANG_WARN_STRICT_PROTOTYPES = YES;
				CLANG_WARN_SUSPICIOUS_MOVE = YES;
				CLANG_WARN_UNGUARDED_AVAILABILITY = YES_AGGRESSIVE;
				CLANG_WARN_UNREACHABLE_CODE = YES;
				CLANG_WARN__DUPLICATE_METHOD_MATCH = YES;
				COPY_PHASE_STRIP = NO;
				DEBUG_INFORMATION_FORMAT = dwarf;
				ENABLE_STRICT_OBJC_MSGSEND = YES;
				ENABLE_TESTABILITY = YES;
				GCC_C_LANGUAGE_STANDARD = gnu11;
				GCC_DYNAMIC_NO_PIC = NO;
				GCC_NO_COMMON_BLOCKS = YES;
				GCC_OPTIMIZATION_LEVEL = 0;
				GCC_PREPROCESSOR_DEFINITIONS = (
					"DEBUG=1",
					"$(inherited)",
				);
				GCC_WARN_64_TO_32_BIT_CONVERSION = YES;
				GCC_WARN_ABOUT_RETURN_TYPE = YES_ERROR;
				GCC_WARN_UNDECLARED_SELECTOR = YES;
				GCC_WARN_UNINITIALIZED_AUTOS = YES_AGGRESSIVE;
				GCC_WARN_UNUSED_FUNCTION = YES;
				GCC_WARN_UNUSED_VARIABLE = YES;
				IPHONEOS_DEPLOYMENT_TARGET = 14.5;
				MTL_ENABLE_DEBUG_INFO = INCLUDE_SOURCE;
				MTL_FAST_MATH = YES;
				ONLY_ACTIVE_ARCH = YES;
				SDKROOT = iphoneos;
				SWIFT_ACTIVE_COMPILATION_CONDITIONS = DEBUG;
				SWIFT_OPTIMIZATION_LEVEL = "-Onone";
			};
			name = Debug;
		};
		A2746629267A721C00613B6C /* Release */ = {
			isa = XCBuildConfiguration;
			buildSettings = {
				ALWAYS_SEARCH_USER_PATHS = NO;
				CLANG_ANALYZER_NONNULL = YES;
				CLANG_ANALYZER_NUMBER_OBJECT_CONVERSION = YES_AGGRESSIVE;
				CLANG_CXX_LANGUAGE_STANDARD = "gnu++14";
				CLANG_CXX_LIBRARY = "libc++";
				CLANG_ENABLE_MODULES = YES;
				CLANG_ENABLE_OBJC_ARC = YES;
				CLANG_ENABLE_OBJC_WEAK = YES;
				CLANG_WARN_BLOCK_CAPTURE_AUTORELEASING = YES;
				CLANG_WARN_BOOL_CONVERSION = YES;
				CLANG_WARN_COMMA = YES;
				CLANG_WARN_CONSTANT_CONVERSION = YES;
				CLANG_WARN_DEPRECATED_OBJC_IMPLEMENTATIONS = YES;
				CLANG_WARN_DIRECT_OBJC_ISA_USAGE = YES_ERROR;
				CLANG_WARN_DOCUMENTATION_COMMENTS = YES;
				CLANG_WARN_EMPTY_BODY = YES;
				CLANG_WARN_ENUM_CONVERSION = YES;
				CLANG_WARN_INFINITE_RECURSION = YES;
				CLANG_WARN_INT_CONVERSION = YES;
				CLANG_WARN_NON_LITERAL_NULL_CONVERSION = YES;
				CLANG_WARN_OBJC_IMPLICIT_RETAIN_SELF = YES;
				CLANG_WARN_OBJC_LITERAL_CONVERSION = YES;
				CLANG_WARN_OBJC_ROOT_CLASS = YES_ERROR;
				CLANG_WARN_QUOTED_INCLUDE_IN_FRAMEWORK_HEADER = YES;
				CLANG_WARN_RANGE_LOOP_ANALYSIS = YES;
				CLANG_WARN_STRICT_PROTOTYPES = YES;
				CLANG_WARN_SUSPICIOUS_MOVE = YES;
				CLANG_WARN_UNGUARDED_AVAILABILITY = YES_AGGRESSIVE;
				CLANG_WARN_UNREACHABLE_CODE = YES;
				CLANG_WARN__DUPLICATE_METHOD_MATCH = YES;
				COPY_PHASE_STRIP = NO;
				DEBUG_INFORMATION_FORMAT = "dwarf-with-dsym";
				ENABLE_NS_ASSERTIONS = NO;
				ENABLE_STRICT_OBJC_MSGSEND = YES;
				GCC_C_LANGUAGE_STANDARD = gnu11;
				GCC_NO_COMMON_BLOCKS = YES;
				GCC_WARN_64_TO_32_BIT_CONVERSION = YES;
				GCC_WARN_ABOUT_RETURN_TYPE = YES_ERROR;
				GCC_WARN_UNDECLARED_SELECTOR = YES;
				GCC_WARN_UNINITIALIZED_AUTOS = YES_AGGRESSIVE;
				GCC_WARN_UNUSED_FUNCTION = YES;
				GCC_WARN_UNUSED_VARIABLE = YES;
				IPHONEOS_DEPLOYMENT_TARGET = 14.5;
				MTL_ENABLE_DEBUG_INFO = NO;
				MTL_FAST_MATH = YES;
				SDKROOT = iphoneos;
				SWIFT_COMPILATION_MODE = wholemodule;
				SWIFT_OPTIMIZATION_LEVEL = "-O";
				VALIDATE_PRODUCT = YES;
			};
			name = Release;
		};
		A274662B267A721C00613B6C /* Debug */ = {
			isa = XCBuildConfiguration;
			buildSettings = {
				ASSETCATALOG_COMPILER_APPICON_NAME = AppIcon;
				ASSETCATALOG_COMPILER_GLOBAL_ACCENT_COLOR_NAME = AccentColor;
				CODE_SIGN_STYLE = Automatic;
				DEVELOPMENT_TEAM = U3JHK4U826;
				INFOPLIST_FILE = WarFlyGame/Info.plist;
				IPHONEOS_DEPLOYMENT_TARGET = 14.4;
				LD_RUNPATH_SEARCH_PATHS = (
					"$(inherited)",
					"@executable_path/Frameworks",
				);
				PRODUCT_BUNDLE_IDENTIFIER = YeoCompany.WarFlyGame;
				PRODUCT_NAME = "$(TARGET_NAME)";
				SWIFT_VERSION = 5.0;
				TARGETED_DEVICE_FAMILY = "1,2";
			};
			name = Debug;
		};
		A274662C267A721C00613B6C /* Release */ = {
			isa = XCBuildConfiguration;
			buildSettings = {
				ASSETCATALOG_COMPILER_APPICON_NAME = AppIcon;
				ASSETCATALOG_COMPILER_GLOBAL_ACCENT_COLOR_NAME = AccentColor;
				CODE_SIGN_STYLE = Automatic;
				DEVELOPMENT_TEAM = U3JHK4U826;
				INFOPLIST_FILE = WarFlyGame/Info.plist;
				IPHONEOS_DEPLOYMENT_TARGET = 14.4;
				LD_RUNPATH_SEARCH_PATHS = (
					"$(inherited)",
					"@executable_path/Frameworks",
				);
				PRODUCT_BUNDLE_IDENTIFIER = YeoCompany.WarFlyGame;
				PRODUCT_NAME = "$(TARGET_NAME)";
				SWIFT_VERSION = 5.0;
				TARGETED_DEVICE_FAMILY = "1,2";
			};
			name = Release;
		};
/* End XCBuildConfiguration section */

/* Begin XCConfigurationList section */
		A2746610267A721A00613B6C /* Build configuration list for PBXProject "WarFlyGame" */ = {
			isa = XCConfigurationList;
			buildConfigurations = (
				A2746628267A721C00613B6C /* Debug */,
				A2746629267A721C00613B6C /* Release */,
			);
			defaultConfigurationIsVisible = 0;
			defaultConfigurationName = Release;
		};
		A274662A267A721C00613B6C /* Build configuration list for PBXNativeTarget "WarFlyGame" */ = {
			isa = XCConfigurationList;
			buildConfigurations = (
				A274662B267A721C00613B6C /* Debug */,
				A274662C267A721C00613B6C /* Release */,
			);
			defaultConfigurationIsVisible = 0;
			defaultConfigurationName = Release;
		};
/* End XCConfigurationList section */
	};
	rootObject = A274660D267A721A00613B6C /* Project object */;
}
